// !$*UTF8*$!
{
	archiveVersion = 1;
	classes = {
	};
	objectVersion = 55;
	objects = {

/* Begin PBXBuildFile section */
		AC8655D727F5B91100408F99 /* LoginAppApp.swift in Sources */ = {isa = PBXBuildFile; fileRef = AC8655D627F5B91100408F99 /* LoginAppApp.swift */; };
		AC8655D927F5B91100408F99 /* ContentView.swift in Sources */ = {isa = PBXBuildFile; fileRef = AC8655D827F5B91100408F99 /* ContentView.swift */; };
		AC8655DB27F5B91300408F99 /* Assets.xcassets in Resources */ = {isa = PBXBuildFile; fileRef = AC8655DA27F5B91300408F99 /* Assets.xcassets */; };
		AC8655DE27F5B91300408F99 /* Preview Assets.xcassets in Resources */ = {isa = PBXBuildFile; fileRef = AC8655DD27F5B91300408F99 /* Preview Assets.xcassets */; };
		AC8655E827F5B91300408F99 /* LoginAppTests.swift in Sources */ = {isa = PBXBuildFile; fileRef = AC8655E727F5B91300408F99 /* LoginAppTests.swift */; };
		AC8655F227F5B91300408F99 /* LoginAppUITests.swift in Sources */ = {isa = PBXBuildFile; fileRef = AC8655F127F5B91300408F99 /* LoginAppUITests.swift */; };
		AC8655F427F5B91300408F99 /* LoginAppUITestsLaunchTests.swift in Sources */ = {isa = PBXBuildFile; fileRef = AC8655F327F5B91300408F99 /* LoginAppUITestsLaunchTests.swift */; };
		AC97F96927F85281002271B6 /* suceess.swift in Sources */ = {isa = PBXBuildFile; fileRef = AC97F96827F85281002271B6 /* suceess.swift */; };
		AC97F96B27F85984002271B6 /* Forgetpassword.swift in Sources */ = {isa = PBXBuildFile; fileRef = AC97F96A27F85984002271B6 /* Forgetpassword.swift */; };
		ACA93DD627FAC84D00908B03 /* home.swift in Sources */ = {isa = PBXBuildFile; fileRef = ACA93DD527FAC84D00908B03 /* home.swift */; };
/* End PBXBuildFile section */

/* Begin PBXContainerItemProxy section */
		AC8655E427F5B91300408F99 /* PBXContainerItemProxy */ = {
			isa = PBXContainerItemProxy;
			containerPortal = AC8655CB27F5B91100408F99 /* Project object */;
			proxyType = 1;
			remoteGlobalIDString = AC8655D227F5B91100408F99;
			remoteInfo = LoginApp;
		};
		AC8655EE27F5B91300408F99 /* PBXContainerItemProxy */ = {
			isa = PBXContainerItemProxy;
			containerPortal = AC8655CB27F5B91100408F99 /* Project object */;
			proxyType = 1;
			remoteGlobalIDString = AC8655D227F5B91100408F99;
			remoteInfo = LoginApp;
		};
/* End PBXContainerItemProxy section */

/* Begin PBXFileReference section */
		AC8655D327F5B91100408F99 /* LoginApp.app */ = {isa = PBXFileReference; explicitFileType = wrapper.application; includeInIndex = 0; path = LoginApp.app; sourceTree = BUILT_PRODUCTS_DIR; };
		AC8655D627F5B91100408F99 /* LoginAppApp.swift */ = {isa = PBXFileReference; lastKnownFileType = sourcecode.swift; path = LoginAppApp.swift; sourceTree = "<group>"; };
		AC8655D827F5B91100408F99 /* ContentView.swift */ = {isa = PBXFileReference; lastKnownFileType = sourcecode.swift; path = ContentView.swift; sourceTree = "<group>"; };
		AC8655DA27F5B91300408F99 /* Assets.xcassets */ = {isa = PBXFileReference; lastKnownFileType = folder.assetcatalog; path = Assets.xcassets; sourceTree = "<group>"; };
		AC8655DD27F5B91300408F99 /* Preview Assets.xcassets */ = {isa = PBXFileReference; lastKnownFileType = folder.assetcatalog; path = "Preview Assets.xcassets"; sourceTree = "<group>"; };
		AC8655E327F5B91300408F99 /* LoginAppTests.xctest */ = {isa = PBXFileReference; explicitFileType = wrapper.cfbundle; includeInIndex = 0; path = LoginAppTests.xctest; sourceTree = BUILT_PRODUCTS_DIR; };
		AC8655E727F5B91300408F99 /* LoginAppTests.swift */ = {isa = PBXFileReference; lastKnownFileType = sourcecode.swift; path = LoginAppTests.swift; sourceTree = "<group>"; };
		AC8655ED27F5B91300408F99 /* LoginAppUITests.xctest */ = {isa = PBXFileReference; explicitFileType = wrapper.cfbundle; includeInIndex = 0; path = LoginAppUITests.xctest; sourceTree = BUILT_PRODUCTS_DIR; };
		AC8655F127F5B91300408F99 /* LoginAppUITests.swift */ = {isa = PBXFileReference; lastKnownFileType = sourcecode.swift; path = LoginAppUITests.swift; sourceTree = "<group>"; };
		AC8655F327F5B91300408F99 /* LoginAppUITestsLaunchTests.swift */ = {isa = PBXFileReference; lastKnownFileType = sourcecode.swift; path = LoginAppUITestsLaunchTests.swift; sourceTree = "<group>"; };
		AC97F96827F85281002271B6 /* suceess.swift */ = {isa = PBXFileReference; lastKnownFileType = sourcecode.swift; path = suceess.swift; sourceTree = "<group>"; };
		AC97F96A27F85984002271B6 /* Forgetpassword.swift */ = {isa = PBXFileReference; lastKnownFileType = sourcecode.swift; path = Forgetpassword.swift; sourceTree = "<group>"; };
		ACA93DD527FAC84D00908B03 /* home.swift */ = {isa = PBXFileReference; lastKnownFileType = sourcecode.swift; path = home.swift; sourceTree = "<group>"; };
/* End PBXFileReference section */

/* Begin PBXFrameworksBuildPhase section */
		AC8655D027F5B91100408F99 /* Frameworks */ = {
			isa = PBXFrameworksBuildPhase;
			buildActionMask = 2147483647;
			files = (
			);
			runOnlyForDeploymentPostprocessing = 0;
		};
		AC8655E027F5B91300408F99 /* Frameworks */ = {
			isa = PBXFrameworksBuildPhase;
			buildActionMask = 2147483647;
			files = (
			);
			runOnlyForDeploymentPostprocessing = 0;
		};
		AC8655EA27F5B91300408F99 /* Frameworks */ = {
			isa = PBXFrameworksBuildPhase;
			buildActionMask = 2147483647;
			files = (
			);
			runOnlyForDeploymentPostprocessing = 0;
		};
/* End PBXFrameworksBuildPhase section */

/* Begin PBXGroup section */
		AC8655CA27F5B91100408F99 = {
			isa = PBXGroup;
			children = (
				AC8655D527F5B91100408F99 /* LoginApp */,
				AC8655E627F5B91300408F99 /* LoginAppTests */,
				AC8655F027F5B91300408F99 /* LoginAppUITests */,
				AC8655D427F5B91100408F99 /* Products */,
			);
			sourceTree = "<group>";
		};
		AC8655D427F5B91100408F99 /* Products */ = {
			isa = PBXGroup;
			children = (
				AC8655D327F5B91100408F99 /* LoginApp.app */,
				AC8655E327F5B91300408F99 /* LoginAppTests.xctest */,
				AC8655ED27F5B91300408F99 /* LoginAppUITests.xctest */,
			);
			name = Products;
			sourceTree = "<group>";
		};
		AC8655D527F5B91100408F99 /* LoginApp */ = {
			isa = PBXGroup;
			children = (
				AC8655D627F5B91100408F99 /* LoginAppApp.swift */,
				AC8655D827F5B91100408F99 /* ContentView.swift */,
				ACA93DD527FAC84D00908B03 /* home.swift */,
				AC8655DA27F5B91300408F99 /* Assets.xcassets */,
				AC97F96827F85281002271B6 /* suceess.swift */,
				AC8655DC27F5B91300408F99 /* Preview Content */,
			);
			path = LoginApp;
			sourceTree = "<group>";
		};
		AC8655DC27F5B91300408F99 /* Preview Content */ = {
			isa = PBXGroup;
			children = (
				AC8655DD27F5B91300408F99 /* Preview Assets.xcassets */,
			);
			path = "Preview Content";
			sourceTree = "<group>";
		};
		AC8655E627F5B91300408F99 /* LoginAppTests */ = {
			isa = PBXGroup;
			children = (
				AC8655E727F5B91300408F99 /* LoginAppTests.swift */,
				AC97F96A27F85984002271B6 /* Forgetpassword.swift */,
			);
			path = LoginAppTests;
			sourceTree = "<group>";
		};
		AC8655F027F5B91300408F99 /* LoginAppUITests */ = {
			isa = PBXGroup;
			children = (
				AC8655F127F5B91300408F99 /* LoginAppUITests.swift */,
				AC8655F327F5B91300408F99 /* LoginAppUITestsLaunchTests.swift */,
			);
			path = LoginAppUITests;
			sourceTree = "<group>";
		};
/* End PBXGroup section */

/* Begin PBXNativeTarget section */
		AC8655D227F5B91100408F99 /* LoginApp */ = {
			isa = PBXNativeTarget;
			buildConfigurationList = AC8655F727F5B91300408F99 /* Build configuration list for PBXNativeTarget "LoginApp" */;
			buildPhases = (
				AC8655CF27F5B91100408F99 /* Sources */,
				AC8655D027F5B91100408F99 /* Frameworks */,
				AC8655D127F5B91100408F99 /* Resources */,
			);
			buildRules = (
			);
			dependencies = (
			);
			name = LoginApp;
			productName = LoginApp;
			productReference = AC8655D327F5B91100408F99 /* LoginApp.app */;
			productType = "com.apple.product-type.application";
		};
		AC8655E227F5B91300408F99 /* LoginAppTests */ = {
			isa = PBXNativeTarget;
			buildConfigurationList = AC8655FA27F5B91300408F99 /* Build configuration list for PBXNativeTarget "LoginAppTests" */;
			buildPhases = (
				AC8655DF27F5B91300408F99 /* Sources */,
				AC8655E027F5B91300408F99 /* Frameworks */,
				AC8655E127F5B91300408F99 /* Resources */,
			);
			buildRules = (
			);
			dependencies = (
				AC8655E527F5B91300408F99 /* PBXTargetDependency */,
			);
			name = LoginAppTests;
			productName = LoginAppTests;
			productReference = AC8655E327F5B91300408F99 /* LoginAppTests.xctest */;
			productType = "com.apple.product-type.bundle.unit-test";
		};
		AC8655EC27F5B91300408F99 /* LoginAppUITests */ = {
			isa = PBXNativeTarget;
			buildConfigurationList = AC8655FD27F5B91300408F99 /* Build configuration list for PBXNativeTarget "LoginAppUITests" */;
			buildPhases = (
				AC8655E927F5B91300408F99 /* Sources */,
				AC8655EA27F5B91300408F99 /* Frameworks */,
				AC8655EB27F5B91300408F99 /* Resources */,
			);
			buildRules = (
			);
			dependencies = (
				AC8655EF27F5B91300408F99 /* PBXTargetDependency */,
			);
			name = LoginAppUITests;
			productName = LoginAppUITests;
			productReference = AC8655ED27F5B91300408F99 /* LoginAppUITests.xctest */;
			productType = "com.apple.product-type.bundle.ui-testing";
		};
/* End PBXNativeTarget section */

/* Begin PBXProject section */
		AC8655CB27F5B91100408F99 /* Project object */ = {
			isa = PBXProject;
			attributes = {
				BuildIndependentTargetsInParallel = 1;
				LastSwiftUpdateCheck = 1330;
				LastUpgradeCheck = 1330;
				TargetAttributes = {
					AC8655D227F5B91100408F99 = {
						CreatedOnToolsVersion = 13.3;
					};
					AC8655E227F5B91300408F99 = {
						CreatedOnToolsVersion = 13.3;
						TestTargetID = AC8655D227F5B91100408F99;
					};
					AC8655EC27F5B91300408F99 = {
						CreatedOnToolsVersion = 13.3;
						TestTargetID = AC8655D227F5B91100408F99;
					};
				};
			};
			buildConfigurationList = AC8655CE27F5B91100408F99 /* Build configuration list for PBXProject "LoginApp" */;
			compatibilityVersion = "Xcode 13.0";
			developmentRegion = en;
			hasScannedForEncodings = 0;
			knownRegions = (
				en,
				Base,
			);
			mainGroup = AC8655CA27F5B91100408F99;
			productRefGroup = AC8655D427F5B91100408F99 /* Products */;
			projectDirPath = "";
			projectRoot = "";
			targets = (
				AC8655D227F5B91100408F99 /* LoginApp */,
				AC8655E227F5B91300408F99 /* LoginAppTests */,
				AC8655EC27F5B91300408F99 /* LoginAppUITests */,
			);
		};
/* End PBXProject section */

/* Begin PBXResourcesBuildPhase section */
		AC8655D127F5B91100408F99 /* Resources */ = {
			isa = PBXResourcesBuildPhase;
			buildActionMask = 2147483647;
			files = (
				AC8655DE27F5B91300408F99 /* Preview Assets.xcassets in Resources */,
				AC8655DB27F5B91300408F99 /* Assets.xcassets in Resources */,
			);
			runOnlyForDeploymentPostprocessing = 0;
		};
		AC8655E127F5B91300408F99 /* Resources */ = {
			isa = PBXResourcesBuildPhase;
			buildActionMask = 2147483647;
			files = (
			);
			runOnlyForDeploymentPostprocessing = 0;
		};
		AC8655EB27F5B91300408F99 /* Resources */ = {
			isa = PBXResourcesBuildPhase;
			buildActionMask = 2147483647;
			files = (
			);
			runOnlyForDeploymentPostprocessing = 0;
		};
/* End PBXResourcesBuildPhase section */

/* Begin PBXSourcesBuildPhase section */
		AC8655CF27F5B91100408F99 /* Sources */ = {
			isa = PBXSourcesBuildPhase;
			buildActionMask = 2147483647;
			files = (
				AC97F96927F85281002271B6 /* suceess.swift in Sources */,
				AC8655D927F5B91100408F99 /* ContentView.swift in Sources */,
				ACA93DD627FAC84D00908B03 /* home.swift in Sources */,
				AC8655D727F5B91100408F99 /* LoginAppApp.swift in Sources */,
			);
			runOnlyForDeploymentPostprocessing = 0;
		};
		AC8655DF27F5B91300408F99 /* Sources */ = {
			isa = PBXSourcesBuildPhase;
			buildActionMask = 2147483647;
			files = (
				AC8655E827F5B91300408F99 /* LoginAppTests.swift in Sources */,
				AC97F96B27F85984002271B6 /* Forgetpassword.swift in Sources */,
			);
			runOnlyForDeploymentPostprocessing = 0;
		};
		AC8655E927F5B91300408F99 /* Sources */ = {
			isa = PBXSourcesBuildPhase;
			buildActionMask = 2147483647;
			files = (
				AC8655F427F5B91300408F99 /* LoginAppUITestsLaunchTests.swift in Sources */,
				AC8655F227F5B91300408F99 /* LoginAppUITests.swift in Sources */,
			);
			runOnlyForDeploymentPostprocessing = 0;
		};
/* End PBXSourcesBuildPhase section */

/* Begin PBXTargetDependency section */
		AC8655E527F5B91300408F99 /* PBXTargetDependency */ = {
			isa = PBXTargetDependency;
			target = AC8655D227F5B91100408F99 /* LoginApp */;
			targetProxy = AC8655E427F5B91300408F99 /* PBXContainerItemProxy */;
		};
		AC8655EF27F5B91300408F99 /* PBXTargetDependency */ = {
			isa = PBXTargetDependency;
			target = AC8655D227F5B91100408F99 /* LoginApp */;
			targetProxy = AC8655EE27F5B91300408F99 /* PBXContainerItemProxy */;
		};
/* End PBXTargetDependency section */

/* Begin XCBuildConfiguration section */
		AC8655F527F5B91300408F99 /* Debug */ = {
			isa = XCBuildConfiguration;
			buildSettings = {
				ALWAYS_SEARCH_USER_PATHS = NO;
				CLANG_ANALYZER_NONNULL = YES;
				CLANG_ANALYZER_NUMBER_OBJECT_CONVERSION = YES_AGGRESSIVE;
				CLANG_CXX_LANGUAGE_STANDARD = "gnu++17";
				CLANG_ENABLE_MODULES = YES;
				CLANG_ENABLE_OBJC_ARC = YES;
				CLANG_ENABLE_OBJC_WEAK = YES;
				CLANG_WARN_BLOCK_CAPTURE_AUTORELEASING = YES;
				CLANG_WARN_BOOL_CONVERSION = YES;
				CLANG_WARN_COMMA = YES;
				CLANG_WARN_CONSTANT_CONVERSION = YES;
				CLANG_WARN_DEPRECATED_OBJC_IMPLEMENTATIONS = YES;
				CLANG_WARN_DIRECT_OBJC_ISA_USAGE = YES_ERROR;
				CLANG_WARN_DOCUMENTATION_COMMENTS = YES;
				CLANG_WARN_EMPTY_BODY = YES;
				CLANG_WARN_ENUM_CONVERSION = YES;
				CLANG_WARN_INFINITE_RECURSION = YES;
				CLANG_WARN_INT_CONVERSION = YES;
				CLANG_WARN_NON_LITERAL_NULL_CONVERSION = YES;
				CLANG_WARN_OBJC_IMPLICIT_RETAIN_SELF = YES;
				CLANG_WARN_OBJC_LITERAL_CONVERSION = YES;
				CLANG_WARN_OBJC_ROOT_CLASS = YES_ERROR;
				CLANG_WARN_QUOTED_INCLUDE_IN_FRAMEWORK_HEADER = YES;
				CLANG_WARN_RANGE_LOOP_ANALYSIS = YES;
				CLANG_WARN_STRICT_PROTOTYPES = YES;
				CLANG_WARN_SUSPICIOUS_MOVE = YES;
				CLANG_WARN_UNGUARDED_AVAILABILITY = YES_AGGRESSIVE;
				CLANG_WARN_UNREACHABLE_CODE = YES;
				CLANG_WARN__DUPLICATE_METHOD_MATCH = YES;
				COPY_PHASE_STRIP = NO;
				DEBUG_INFORMATION_FORMAT = dwarf;
				ENABLE_STRICT_OBJC_MSGSEND = YES;
				ENABLE_TESTABILITY = YES;
				GCC_C_LANGUAGE_STANDARD = gnu11;
				GCC_DYNAMIC_NO_PIC = NO;
				GCC_NO_COMMON_BLOCKS = YES;
				GCC_OPTIMIZATION_LEVEL = 0;
				GCC_PREPROCESSOR_DEFINITIONS = (
					"DEBUG=1",
					"$(inherited)",
				);
				GCC_WARN_64_TO_32_BIT_CONVERSION = YES;
				GCC_WARN_ABOUT_RETURN_TYPE = YES_ERROR;
				GCC_WARN_UNDECLARED_SELECTOR = YES;
				GCC_WARN_UNINITIALIZED_AUTOS = YES_AGGRESSIVE;
				GCC_WARN_UNUSED_FUNCTION = YES;
				GCC_WARN_UNUSED_VARIABLE = YES;
				IPHONEOS_DEPLOYMENT_TARGET = 15.4;
				MTL_ENABLE_DEBUG_INFO = INCLUDE_SOURCE;
				MTL_FAST_MATH = YES;
				ONLY_ACTIVE_ARCH = YES;
				SDKROOT = iphoneos;
				SWIFT_ACTIVE_COMPILATION_CONDITIONS = DEBUG;
				SWIFT_OPTIMIZATION_LEVEL = "-Onone";
			};
			name = Debug;
		};
		AC8655F627F5B91300408F99 /* Release */ = {
			isa = XCBuildConfiguration;
			buildSettings = {
				ALWAYS_SEARCH_USER_PATHS = NO;
				CLANG_ANALYZER_NONNULL = YES;
				CLANG_ANALYZER_NUMBER_OBJECT_CONVERSION = YES_AGGRESSIVE;
				CLANG_CXX_LANGUAGE_STANDARD = "gnu++17";
				CLANG_ENABLE_MODULES = YES;
				CLANG_ENABLE_OBJC_ARC = YES;
				CLANG_ENABLE_OBJC_WEAK = YES;
				CLANG_WARN_BLOCK_CAPTURE_AUTORELEASING = YES;
				CLANG_WARN_BOOL_CONVERSION = YES;
				CLANG_WARN_COMMA = YES;
				CLANG_WARN_CONSTANT_CONVERSION = YES;
				CLANG_WARN_DEPRECATED_OBJC_IMPLEMENTATIONS = YES;
				CLANG_WARN_DIRECT_OBJC_ISA_USAGE = YES_ERROR;
				CLANG_WARN_DOCUMENTATION_COMMENTS = YES;
				CLANG_WARN_EMPTY_BODY = YES;
				CLANG_WARN_ENUM_CONVERSION = YES;
				CLANG_WARN_INFINITE_RECURSION = YES;
				CLANG_WARN_INT_CONVERSION = YES;
				CLANG_WARN_NON_LITERAL_NULL_CONVERSION = YES;
				CLANG_WARN_OBJC_IMPLICIT_RETAIN_SELF = YES;
				CLANG_WARN_OBJC_LITERAL_CONVERSION = YES;
				CLANG_WARN_OBJC_ROOT_CLASS = YES_ERROR;
				CLANG_WARN_QUOTED_INCLUDE_IN_FRAMEWORK_HEADER = YES;
				CLANG_WARN_RANGE_LOOP_ANALYSIS = YES;
				CLANG_WARN_STRICT_PROTOTYPES = YES;
				CLANG_WARN_SUSPICIOUS_MOVE = YES;
				CLANG_WARN_UNGUARDED_AVAILABILITY = YES_AGGRESSIVE;
				CLANG_WARN_UNREACHABLE_CODE = YES;
				CLANG_WARN__DUPLICATE_METHOD_MATCH = YES;
				COPY_PHASE_STRIP = NO;
				DEBUG_INFORMATION_FORMAT = "dwarf-with-dsym";
				ENABLE_NS_ASSERTIONS = NO;
				ENABLE_STRICT_OBJC_MSGSEND = YES;
				GCC_C_LANGUAGE_STANDARD = gnu11;
				GCC_NO_COMMON_BLOCKS = YES;
				GCC_WARN_64_TO_32_BIT_CONVERSION = YES;
				GCC_WARN_ABOUT_RETURN_TYPE = YES_ERROR;
				GCC_WARN_UNDECLARED_SELECTOR = YES;
				GCC_WARN_UNINITIALIZED_AUTOS = YES_AGGRESSIVE;
				GCC_WARN_UNUSED_FUNCTION = YES;
				GCC_WARN_UNUSED_VARIABLE = YES;
				IPHONEOS_DEPLOYMENT_TARGET = 15.4;
				MTL_ENABLE_DEBUG_INFO = NO;
				MTL_FAST_MATH = YES;
				SDKROOT = iphoneos;
				SWIFT_COMPILATION_MODE = wholemodule;
				SWIFT_OPTIMIZATION_LEVEL = "-O";
				VALIDATE_PRODUCT = YES;
			};
			name = Release;
		};
		AC8655F827F5B91300408F99 /* Debug */ = {
			isa = XCBuildConfiguration;
			buildSettings = {
				ASSETCATALOG_COMPILER_APPICON_NAME = AppIcon;
				ASSETCATALOG_COMPILER_GLOBAL_ACCENT_COLOR_NAME = AccentColor;
				CODE_SIGN_STYLE = Automatic;
				CURRENT_PROJECT_VERSION = 1;
				DEVELOPMENT_ASSET_PATHS = "\"LoginApp/Preview Content\"";
				DEVELOPMENT_TEAM = LU893QGJWJ;
				ENABLE_PREVIEWS = YES;
				GENERATE_INFOPLIST_FILE = YES;
				INFOPLIST_KEY_UIApplicationSceneManifest_Generation = YES;
				INFOPLIST_KEY_UIApplicationSupportsIndirectInputEvents = YES;
				INFOPLIST_KEY_UILaunchScreen_Generation = YES;
				INFOPLIST_KEY_UISupportedInterfaceOrientations_iPad = "UIInterfaceOrientationPortrait UIInterfaceOrientationPortraitUpsideDown UIInterfaceOrientationLandscapeLeft UIInterfaceOrientationLandscapeRight";
				INFOPLIST_KEY_UISupportedInterfaceOrientations_iPhone = "UIInterfaceOrientationPortrait UIInterfaceOrientationLandscapeLeft UIInterfaceOrientationLandscapeRight";
				LD_RUNPATH_SEARCH_PATHS = (
					"$(inherited)",
					"@executable_path/Frameworks",
				);
				MARKETING_VERSION = 1.0;
				PRODUCT_BUNDLE_IDENTIFIER = com.bio.LoginApp;
				PRODUCT_NAME = "$(TARGET_NAME)";
				SWIFT_EMIT_LOC_STRINGS = YES;
				SWIFT_VERSION = 5.0;
				TARGETED_DEVICE_FAMILY = "1,2";
			};
			name = Debug;
		};
		AC8655F927F5B91300408F99 /* Release */ = {
			isa = XCBuildConfiguration;
			buildSettings = {
				ASSETCATALOG_COMPILER_APPICON_NAME = AppIcon;
				ASSETCATALOG_COMPILER_GLOBAL_ACCENT_COLOR_NAME = AccentColor;
				CODE_SIGN_STYLE = Automatic;
				CURRENT_PROJECT_VERSION = 1;
				DEVELOPMENT_ASSET_PATHS = "\"LoginApp/Preview Content\"";
				DEVELOPMENT_TEAM = LU893QGJWJ;
				ENABLE_PREVIEWS = YES;
				GENERATE_INFOPLIST_FILE = YES;
				INFOPLIST_KEY_UIApplicationSceneManifest_Generation = YES;
				INFOPLIST_KEY_UIApplicationSupportsIndirectInputEvents = YES;
				INFOPLIST_KEY_UILaunchScreen_Generation = YES;
				INFOPLIST_KEY_UISupportedInterfaceOrientations_iPad = "UIInterfaceOrientationPortrait UIInterfaceOrientationPortraitUpsideDown UIInterfaceOrientationLandscapeLeft UIInterfaceOrientationLandscapeRight";
				INFOPLIST_KEY_UISupportedInterfaceOrientations_iPhone = "UIInterfaceOrientationPortrait UIInterfaceOrientationLandscapeLeft UIInterfaceOrientationLandscapeRight";
				LD_RUNPATH_SEARCH_PATHS = (
					"$(inherited)",
					"@executable_path/Frameworks",
				);
				MARKETING_VERSION = 1.0;
				PRODUCT_BUNDLE_IDENTIFIER = com.bio.LoginApp;
				PRODUCT_NAME = "$(TARGET_NAME)";
				SWIFT_EMIT_LOC_STRINGS = YES;
				SWIFT_VERSION = 5.0;
				TARGETED_DEVICE_FAMILY = "1,2";
			};
			name = Release;
		};
		AC8655FB27F5B91300408F99 /* Debug */ = {
			isa = XCBuildConfiguration;
			buildSettings = {
				ALWAYS_EMBED_SWIFT_STANDARD_LIBRARIES = YES;
				BUNDLE_LOADER = "$(TEST_HOST)";
				CODE_SIGN_STYLE = Automatic;
				CURRENT_PROJECT_VERSION = 1;
				DEVELOPMENT_TEAM = LU893QGJWJ;
				GENERATE_INFOPLIST_FILE = YES;
				IPHONEOS_DEPLOYMENT_TARGET = 15.4;
				MARKETING_VERSION = 1.0;
				PRODUCT_BUNDLE_IDENTIFIER = com.bio.LoginAppTests;
				PRODUCT_NAME = "$(TARGET_NAME)";
				SWIFT_EMIT_LOC_STRINGS = NO;
				SWIFT_VERSION = 5.0;
				TARGETED_DEVICE_FAMILY = "1,2";
				TEST_HOST = "$(BUILT_PRODUCTS_DIR)/LoginApp.app/LoginApp";
			};
			name = Debug;
		};
		AC8655FC27F5B91300408F99 /* Release */ = {
			isa = XCBuildConfiguration;
			buildSettings = {
				ALWAYS_EMBED_SWIFT_STANDARD_LIBRARIES = YES;
				BUNDLE_LOADER = "$(TEST_HOST)";
				CODE_SIGN_STYLE = Automatic;
				CURRENT_PROJECT_VERSION = 1;
				DEVELOPMENT_TEAM = LU893QGJWJ;
				GENERATE_INFOPLIST_FILE = YES;
				IPHONEOS_DEPLOYMENT_TARGET = 15.4;
				MARKETING_VERSION = 1.0;
				PRODUCT_BUNDLE_IDENTIFIER = com.bio.LoginAppTests;
				PRODUCT_NAME = "$(TARGET_NAME)";
				SWIFT_EMIT_LOC_STRINGS = NO;
				SWIFT_VERSION = 5.0;
				TARGETED_DEVICE_FAMILY = "1,2";
				TEST_HOST = "$(BUILT_PRODUCTS_DIR)/LoginApp.app/LoginApp";
			};
			name = Release;
		};
		AC8655FE27F5B91300408F99 /* Debug */ = {
			isa = XCBuildConfiguration;
			buildSettings = {
				ALWAYS_EMBED_SWIFT_STANDARD_LIBRARIES = YES;
				CODE_SIGN_STYLE = Automatic;
				CURRENT_PROJECT_VERSION = 1;
				DEVELOPMENT_TEAM = LU893QGJWJ;
				GENERATE_INFOPLIST_FILE = YES;
				MARKETING_VERSION = 1.0;
				PRODUCT_BUNDLE_IDENTIFIER = com.bio.LoginAppUITests;
				PRODUCT_NAME = "$(TARGET_NAME)";
				SWIFT_EMIT_LOC_STRINGS = NO;
				SWIFT_VERSION = 5.0;
				TARGETED_DEVICE_FAMILY = "1,2";
				TEST_TARGET_NAME = LoginApp;
			};
			name = Debug;
		};
		AC8655FF27F5B91300408F99 /* Release */ = {
			isa = XCBuildConfiguration;
			buildSettings = {
				ALWAYS_EMBED_SWIFT_STANDARD_LIBRARIES = YES;
				CODE_SIGN_STYLE = Automatic;
				CURRENT_PROJECT_VERSION = 1;
				DEVELOPMENT_TEAM = LU893QGJWJ;
				GENERATE_INFOPLIST_FILE = YES;
				MARKETING_VERSION = 1.0;
				PRODUCT_BUNDLE_IDENTIFIER = com.bio.LoginAppUITests;
				PRODUCT_NAME = "$(TARGET_NAME)";
				SWIFT_EMIT_LOC_STRINGS = NO;
				SWIFT_VERSION = 5.0;
				TARGETED_DEVICE_FAMILY = "1,2";
				TEST_TARGET_NAME = LoginApp;
			};
			name = Release;
		};
/* End XCBuildConfiguration section */

/* Begin XCConfigurationList section */
		AC8655CE27F5B91100408F99 /* Build configuration list for PBXProject "LoginApp" */ = {
			isa = XCConfigurationList;
			buildConfigurations = (
				AC8655F527F5B91300408F99 /* Debug */,
				AC8655F627F5B91300408F99 /* Release */,
			);
			defaultConfigurationIsVisible = 0;
			defaultConfigurationName = Release;
		};
		AC8655F727F5B91300408F99 /* Build configuration list for PBXNativeTarget "LoginApp" */ = {
			isa = XCConfigurationList;
			buildConfigurations = (
				AC8655F827F5B91300408F99 /* Debug */,
				AC8655F927F5B91300408F99 /* Release */,
			);
			defaultConfigurationIsVisible = 0;
			defaultConfigurationName = Release;
		};
		AC8655FA27F5B91300408F99 /* Build configuration list for PBXNativeTarget "LoginAppTests" */ = {
			isa = XCConfigurationList;
			buildConfigurations = (
				AC8655FB27F5B91300408F99 /* Debug */,
				AC8655FC27F5B91300408F99 /* Release */,
			);
			defaultConfigurationIsVisible = 0;
			defaultConfigurationName = Release;
		};
		AC8655FD27F5B91300408F99 /* Build configuration list for PBXNativeTarget "LoginAppUITests" */ = {
			isa = XCConfigurationList;
			buildConfigurations = (
				AC8655FE27F5B91300408F99 /* Debug */,
				AC8655FF27F5B91300408F99 /* Release */,
			);
			defaultConfigurationIsVisible = 0;
			defaultConfigurationName = Release;
		};
/* End XCConfigurationList section */
	};
	rootObject = AC8655CB27F5B91100408F99 /* Project object */;
}
